// !$*UTF8*$!
{
	archiveVersion = 1;
	classes = {
	};
	objectVersion = 46;
	objects = {

/* Begin PBXBuildFile section */
		3683493BBB7C48629F3A1C9C /* libPods.a in Frameworks */ = {isa = PBXBuildFile; fileRef = 6FF12FEB14B24765906F06AA /* libPods.a */; };
		8931CF5718A44A4200A4CFBC /* SFTheaterTableViewController.m in Sources */ = {isa = PBXBuildFile; fileRef = 8931CF5618A44A4200A4CFBC /* SFTheaterTableViewController.m */; };
		8931CF5A18A44AA800A4CFBC /* SFBaseViewController.m in Sources */ = {isa = PBXBuildFile; fileRef = 8931CF5918A44AA800A4CFBC /* SFBaseViewController.m */; };
		8931CF5D18A44B0D00A4CFBC /* SFSeenTableViewController.m in Sources */ = {isa = PBXBuildFile; fileRef = 8931CF5C18A44B0D00A4CFBC /* SFSeenTableViewController.m */; };
		8931CF6018A44B1C00A4CFBC /* SFWantedTableViewController.m in Sources */ = {isa = PBXBuildFile; fileRef = 8931CF5F18A44B1C00A4CFBC /* SFWantedTableViewController.m */; };
		8931CF6318A4820100A4CFBC /* SFNoneTableViewController.m in Sources */ = {isa = PBXBuildFile; fileRef = 8931CF6218A4820100A4CFBC /* SFNoneTableViewController.m */; };
		8931CF6618A5998E00A4CFBC /* Constants.m in Sources */ = {isa = PBXBuildFile; fileRef = 8931CF6518A5998E00A4CFBC /* Constants.m */; };
		89366F3B18AAFF3500C278DA /* SFTutorialViewController.m in Sources */ = {isa = PBXBuildFile; fileRef = 89366F3A18AAFF3500C278DA /* SFTutorialViewController.m */; };
		89366F3E18AAFF4600C278DA /* SFTutorialChildViewController.m in Sources */ = {isa = PBXBuildFile; fileRef = 89366F3D18AAFF4600C278DA /* SFTutorialChildViewController.m */; };
		8949F730188DDD090069E9D4 /* Foundation.framework in Frameworks */ = {isa = PBXBuildFile; fileRef = 8949F72F188DDD090069E9D4 /* Foundation.framework */; };
		8949F732188DDD090069E9D4 /* CoreGraphics.framework in Frameworks */ = {isa = PBXBuildFile; fileRef = 8949F731188DDD090069E9D4 /* CoreGraphics.framework */; };
		8949F734188DDD090069E9D4 /* UIKit.framework in Frameworks */ = {isa = PBXBuildFile; fileRef = 8949F733188DDD090069E9D4 /* UIKit.framework */; };
		8949F73C188DDD090069E9D4 /* InfoPlist.strings in Resources */ = {isa = PBXBuildFile; fileRef = 8949F73A188DDD090069E9D4 /* InfoPlist.strings */; };
		8949F73E188DDD090069E9D4 /* main.m in Sources */ = {isa = PBXBuildFile; fileRef = 8949F73D188DDD090069E9D4 /* main.m */; };
		8949F742188DDD090069E9D4 /* SFAppDelegate.m in Sources */ = {isa = PBXBuildFile; fileRef = 8949F741188DDD090069E9D4 /* SFAppDelegate.m */; };
		8949F745188DDD090069E9D4 /* Main.storyboard in Resources */ = {isa = PBXBuildFile; fileRef = 8949F743188DDD090069E9D4 /* Main.storyboard */; };
		8949F750188DDD090069E9D4 /* Images.xcassets in Resources */ = {isa = PBXBuildFile; fileRef = 8949F74F188DDD090069E9D4 /* Images.xcassets */; };
		8949F757188DDD090069E9D4 /* XCTest.framework in Frameworks */ = {isa = PBXBuildFile; fileRef = 8949F756188DDD090069E9D4 /* XCTest.framework */; };
		8949F758188DDD090069E9D4 /* Foundation.framework in Frameworks */ = {isa = PBXBuildFile; fileRef = 8949F72F188DDD090069E9D4 /* Foundation.framework */; };
		8949F759188DDD090069E9D4 /* UIKit.framework in Frameworks */ = {isa = PBXBuildFile; fileRef = 8949F733188DDD090069E9D4 /* UIKit.framework */; };
		8949F75A188DDD090069E9D4 /* CoreData.framework in Frameworks */ = {isa = PBXBuildFile; fileRef = 8949F735188DDD090069E9D4 /* CoreData.framework */; };
		8949F762188DDD090069E9D4 /* InfoPlist.strings in Resources */ = {isa = PBXBuildFile; fileRef = 8949F760188DDD090069E9D4 /* InfoPlist.strings */; };
		8949F764188DDD090069E9D4 /* FilmHeatTests.m in Sources */ = {isa = PBXBuildFile; fileRef = 8949F763188DDD090069E9D4 /* FilmHeatTests.m */; };
		8949F772188DE1460069E9D4 /* SFTabBarController.m in Sources */ = {isa = PBXBuildFile; fileRef = 8949F771188DE1460069E9D4 /* SFTabBarController.m */; };
		8949F775188DF2530069E9D4 /* FilmModel.m in Sources */ = {isa = PBXBuildFile; fileRef = 8949F774188DF2530069E9D4 /* FilmModel.m */; };
		894C50B4189C3BBA003F72C6 /* UIColor+SFFilmHeatColors.m in Sources */ = {isa = PBXBuildFile; fileRef = 894C50B3189C3BBA003F72C6 /* UIColor+SFFilmHeatColors.m */; };
		894DFAC818A0516A00806267 /* SFMovieDetailViewController.m in Sources */ = {isa = PBXBuildFile; fileRef = 894DFAC718A0516A00806267 /* SFMovieDetailViewController.m */; };
		894DFACB18A0681100806267 /* SFCustomizeViewController.m in Sources */ = {isa = PBXBuildFile; fileRef = 894DFACA18A0681100806267 /* SFCustomizeViewController.m */; };
		894DFAD618A1769300806267 /* Checkbox.png in Resources */ = {isa = PBXBuildFile; fileRef = 894DFAD518A1769300806267 /* Checkbox.png */; };
		894DFAD818A1769F00806267 /* Checkbox@2x.png in Resources */ = {isa = PBXBuildFile; fileRef = 894DFAD718A1769F00806267 /* Checkbox@2x.png */; };
		8973C2E918B5BBDB0052346A /* Tutorial Images in Resources */ = {isa = PBXBuildFile; fileRef = 8973C2E818B5BBDB0052346A /* Tutorial Images */; };
		898F4CBB189080D20060E847 /* SFFilmModelDataController.m in Sources */ = {isa = PBXBuildFile; fileRef = 898F4CBA189080D20060E847 /* SFFilmModelDataController.m */; };
		89A43EE918A935C3009DC814 /* SeenExtraLarge.png in Resources */ = {isa = PBXBuildFile; fileRef = 89A43EE818A935C3009DC814 /* SeenExtraLarge.png */; };
		89A43EEB18A936B7009DC814 /* WantExtraLarge.png in Resources */ = {isa = PBXBuildFile; fileRef = 89A43EEA18A936B7009DC814 /* WantExtraLarge.png */; };
		89A43EF118A938EA009DC814 /* TheaterExtraLarge.png in Resources */ = {isa = PBXBuildFile; fileRef = 89A43EEF18A938EA009DC814 /* TheaterExtraLarge.png */; };
		89A43EF318A9391E009DC814 /* DontExtraLarge.png in Resources */ = {isa = PBXBuildFile; fileRef = 89A43EF218A9391E009DC814 /* DontExtraLarge.png */; };
		89A43FE718AAEB1E009DC814 /* delete.png in Resources */ = {isa = PBXBuildFile; fileRef = 89A43FE518AAEB1E009DC814 /* delete.png */; };
		89A43FE818AAEB1E009DC814 /* delete@2x.png in Resources */ = {isa = PBXBuildFile; fileRef = 89A43FE618AAEB1E009DC814 /* delete@2x.png */; };
		89A43FEB18AAF0BD009DC814 /* check.png in Resources */ = {isa = PBXBuildFile; fileRef = 89A43FE918AAF0BD009DC814 /* check.png */; };
		89A43FEC18AAF0BD009DC814 /* check@2x.png in Resources */ = {isa = PBXBuildFile; fileRef = 89A43FEA18AAF0BD009DC814 /* check@2x.png */; };
		89A43FF318AAF267009DC814 /* masks.png in Resources */ = {isa = PBXBuildFile; fileRef = 89A43FF118AAF267009DC814 /* masks.png */; };
		89A43FF418AAF267009DC814 /* masks@2x.png in Resources */ = {isa = PBXBuildFile; fileRef = 89A43FF218AAF267009DC814 /* masks@2x.png */; };
		89A43FF718AAF370009DC814 /* wantlist.png in Resources */ = {isa = PBXBuildFile; fileRef = 89A43FF518AAF370009DC814 /* wantlist.png */; };
		89A43FF818AAF370009DC814 /* wantlist@2x.png in Resources */ = {isa = PBXBuildFile; fileRef = 89A43FF618AAF370009DC814 /* wantlist@2x.png */; };
		89B98A8D18AC16C5006FF961 /* Crashlytics.framework in Frameworks */ = {isa = PBXBuildFile; fileRef = 89B98A8C18AC16C5006FF961 /* Crashlytics.framework */; };
		89BC655518A3008D00B27385 /* SFMCTableViewCell.m in Sources */ = {isa = PBXBuildFile; fileRef = 89BC655418A3008D00B27385 /* SFMCTableViewCell.m */; };
		89C8923318D910DE009E3E6B /* SFAboutTableViewController.m in Sources */ = {isa = PBXBuildFile; fileRef = 89C8923218D910DE009E3E6B /* SFAboutTableViewController.m */; };
		89EBD9B218EE25E800F9D63D /* SFSettingsTableViewController.m in Sources */ = {isa = PBXBuildFile; fileRef = 89EBD9B118EE25E800F9D63D /* SFSettingsTableViewController.m */; };
/* End PBXBuildFile section */

/* Begin PBXContainerItemProxy section */
		8949F75B188DDD090069E9D4 /* PBXContainerItemProxy */ = {
			isa = PBXContainerItemProxy;
			containerPortal = 8949F724188DDD090069E9D4 /* Project object */;
			proxyType = 1;
			remoteGlobalIDString = 8949F72B188DDD090069E9D4;
			remoteInfo = FilmHeat;
		};
/* End PBXContainerItemProxy section */

/* Begin PBXFileReference section */
		12C9E41BD7F84C05A7D9B4A2 /* Pods.xcconfig */ = {isa = PBXFileReference; includeInIndex = 1; lastKnownFileType = text.xcconfig; name = Pods.xcconfig; path = Pods/Pods.xcconfig; sourceTree = "<group>"; };
		6FF12FEB14B24765906F06AA /* libPods.a */ = {isa = PBXFileReference; explicitFileType = archive.ar; includeInIndex = 0; path = libPods.a; sourceTree = BUILT_PRODUCTS_DIR; };
		8931CF5518A44A4200A4CFBC /* SFTheaterTableViewController.h */ = {isa = PBXFileReference; fileEncoding = 4; lastKnownFileType = sourcecode.c.h; name = SFTheaterTableViewController.h; path = ../SFTheaterTableViewController.h; sourceTree = "<group>"; };
		8931CF5618A44A4200A4CFBC /* SFTheaterTableViewController.m */ = {isa = PBXFileReference; fileEncoding = 4; lastKnownFileType = sourcecode.c.objc; name = SFTheaterTableViewController.m; path = ../SFTheaterTableViewController.m; sourceTree = "<group>"; };
		8931CF5818A44AA800A4CFBC /* SFBaseViewController.h */ = {isa = PBXFileReference; fileEncoding = 4; lastKnownFileType = sourcecode.c.h; name = SFBaseViewController.h; path = ../SFBaseViewController.h; sourceTree = "<group>"; };
		8931CF5918A44AA800A4CFBC /* SFBaseViewController.m */ = {isa = PBXFileReference; fileEncoding = 4; lastKnownFileType = sourcecode.c.objc; name = SFBaseViewController.m; path = ../SFBaseViewController.m; sourceTree = "<group>"; };
		8931CF5B18A44B0D00A4CFBC /* SFSeenTableViewController.h */ = {isa = PBXFileReference; fileEncoding = 4; lastKnownFileType = sourcecode.c.h; name = SFSeenTableViewController.h; path = ../SFSeenTableViewController.h; sourceTree = "<group>"; };
		8931CF5C18A44B0D00A4CFBC /* SFSeenTableViewController.m */ = {isa = PBXFileReference; fileEncoding = 4; lastKnownFileType = sourcecode.c.objc; name = SFSeenTableViewController.m; path = ../SFSeenTableViewController.m; sourceTree = "<group>"; };
		8931CF5E18A44B1C00A4CFBC /* SFWantedTableViewController.h */ = {isa = PBXFileReference; fileEncoding = 4; lastKnownFileType = sourcecode.c.h; name = SFWantedTableViewController.h; path = ../SFWantedTableViewController.h; sourceTree = "<group>"; };
		8931CF5F18A44B1C00A4CFBC /* SFWantedTableViewController.m */ = {isa = PBXFileReference; fileEncoding = 4; lastKnownFileType = sourcecode.c.objc; name = SFWantedTableViewController.m; path = ../SFWantedTableViewController.m; sourceTree = "<group>"; };
		8931CF6118A4820100A4CFBC /* SFNoneTableViewController.h */ = {isa = PBXFileReference; fileEncoding = 4; lastKnownFileType = sourcecode.c.h; name = SFNoneTableViewController.h; path = ../SFNoneTableViewController.h; sourceTree = "<group>"; };
		8931CF6218A4820100A4CFBC /* SFNoneTableViewController.m */ = {isa = PBXFileReference; fileEncoding = 4; lastKnownFileType = sourcecode.c.objc; name = SFNoneTableViewController.m; path = ../SFNoneTableViewController.m; sourceTree = "<group>"; };
		8931CF6418A5998E00A4CFBC /* Constants.h */ = {isa = PBXFileReference; fileEncoding = 4; lastKnownFileType = sourcecode.c.h; name = Constants.h; path = ../Constants.h; sourceTree = "<group>"; };
		8931CF6518A5998E00A4CFBC /* Constants.m */ = {isa = PBXFileReference; fileEncoding = 4; lastKnownFileType = sourcecode.c.objc; name = Constants.m; path = ../Constants.m; sourceTree = "<group>"; };
		89366F3918AAFF3500C278DA /* SFTutorialViewController.h */ = {isa = PBXFileReference; fileEncoding = 4; lastKnownFileType = sourcecode.c.h; name = SFTutorialViewController.h; path = ../SFTutorialViewController.h; sourceTree = "<group>"; };
		89366F3A18AAFF3500C278DA /* SFTutorialViewController.m */ = {isa = PBXFileReference; fileEncoding = 4; lastKnownFileType = sourcecode.c.objc; name = SFTutorialViewController.m; path = ../SFTutorialViewController.m; sourceTree = "<group>"; };
		89366F3C18AAFF4600C278DA /* SFTutorialChildViewController.h */ = {isa = PBXFileReference; fileEncoding = 4; lastKnownFileType = sourcecode.c.h; name = SFTutorialChildViewController.h; path = ../SFTutorialChildViewController.h; sourceTree = "<group>"; };
		89366F3D18AAFF4600C278DA /* SFTutorialChildViewController.m */ = {isa = PBXFileReference; fileEncoding = 4; lastKnownFileType = sourcecode.c.objc; name = SFTutorialChildViewController.m; path = ../SFTutorialChildViewController.m; sourceTree = "<group>"; };
		8949F72C188DDD090069E9D4 /* Film Heat.app */ = {isa = PBXFileReference; explicitFileType = wrapper.application; includeInIndex = 0; path = "Film Heat.app"; sourceTree = BUILT_PRODUCTS_DIR; };
		8949F72F188DDD090069E9D4 /* Foundation.framework */ = {isa = PBXFileReference; lastKnownFileType = wrapper.framework; name = Foundation.framework; path = System/Library/Frameworks/Foundation.framework; sourceTree = SDKROOT; };
		8949F731188DDD090069E9D4 /* CoreGraphics.framework */ = {isa = PBXFileReference; lastKnownFileType = wrapper.framework; name = CoreGraphics.framework; path = System/Library/Frameworks/CoreGraphics.framework; sourceTree = SDKROOT; };
		8949F733188DDD090069E9D4 /* UIKit.framework */ = {isa = PBXFileReference; lastKnownFileType = wrapper.framework; name = UIKit.framework; path = System/Library/Frameworks/UIKit.framework; sourceTree = SDKROOT; };
		8949F735188DDD090069E9D4 /* CoreData.framework */ = {isa = PBXFileReference; lastKnownFileType = wrapper.framework; name = CoreData.framework; path = System/Library/Frameworks/CoreData.framework; sourceTree = SDKROOT; };
		8949F739188DDD090069E9D4 /* Film Heat-Info.plist */ = {isa = PBXFileReference; lastKnownFileType = text.plist.xml; path = "Film Heat-Info.plist"; sourceTree = "<group>"; };
		8949F73B188DDD090069E9D4 /* en */ = {isa = PBXFileReference; lastKnownFileType = text.plist.strings; name = en; path = en.lproj/InfoPlist.strings; sourceTree = "<group>"; };
		8949F73D188DDD090069E9D4 /* main.m */ = {isa = PBXFileReference; lastKnownFileType = sourcecode.c.objc; path = main.m; sourceTree = "<group>"; };
		8949F73F188DDD090069E9D4 /* Film Heat-Prefix.pch */ = {isa = PBXFileReference; lastKnownFileType = sourcecode.c.h; path = "Film Heat-Prefix.pch"; sourceTree = "<group>"; };
		8949F740188DDD090069E9D4 /* SFAppDelegate.h */ = {isa = PBXFileReference; lastKnownFileType = sourcecode.c.h; path = SFAppDelegate.h; sourceTree = "<group>"; };
		8949F741188DDD090069E9D4 /* SFAppDelegate.m */ = {isa = PBXFileReference; lastKnownFileType = sourcecode.c.objc; path = SFAppDelegate.m; sourceTree = "<group>"; };
		8949F744188DDD090069E9D4 /* Base */ = {isa = PBXFileReference; lastKnownFileType = file.storyboard; name = Base; path = Base.lproj/Main.storyboard; sourceTree = "<group>"; };
		8949F74F188DDD090069E9D4 /* Images.xcassets */ = {isa = PBXFileReference; lastKnownFileType = folder.assetcatalog; path = Images.xcassets; sourceTree = "<group>"; };
		8949F755188DDD090069E9D4 /* Film HeatTests.xctest */ = {isa = PBXFileReference; explicitFileType = wrapper.cfbundle; includeInIndex = 0; path = "Film HeatTests.xctest"; sourceTree = BUILT_PRODUCTS_DIR; };
		8949F756188DDD090069E9D4 /* XCTest.framework */ = {isa = PBXFileReference; lastKnownFileType = wrapper.framework; name = XCTest.framework; path = Library/Frameworks/XCTest.framework; sourceTree = DEVELOPER_DIR; };
		8949F75F188DDD090069E9D4 /* Film HeatTests-Info.plist */ = {isa = PBXFileReference; lastKnownFileType = text.plist.xml; path = "Film HeatTests-Info.plist"; sourceTree = "<group>"; };
		8949F761188DDD090069E9D4 /* en */ = {isa = PBXFileReference; lastKnownFileType = text.plist.strings; name = en; path = en.lproj/InfoPlist.strings; sourceTree = "<group>"; };
		8949F763188DDD090069E9D4 /* FilmHeatTests.m */ = {isa = PBXFileReference; lastKnownFileType = sourcecode.c.objc; path = FilmHeatTests.m; sourceTree = "<group>"; };
		8949F770188DE1450069E9D4 /* SFTabBarController.h */ = {isa = PBXFileReference; fileEncoding = 4; lastKnownFileType = sourcecode.c.h; name = SFTabBarController.h; path = ../SFTabBarController.h; sourceTree = "<group>"; };
		8949F771188DE1460069E9D4 /* SFTabBarController.m */ = {isa = PBXFileReference; fileEncoding = 4; lastKnownFileType = sourcecode.c.objc; name = SFTabBarController.m; path = ../SFTabBarController.m; sourceTree = "<group>"; };
		8949F773188DF2530069E9D4 /* FilmModel.h */ = {isa = PBXFileReference; fileEncoding = 4; lastKnownFileType = sourcecode.c.h; path = FilmModel.h; sourceTree = "<group>"; };
		8949F774188DF2530069E9D4 /* FilmModel.m */ = {isa = PBXFileReference; fileEncoding = 4; lastKnownFileType = sourcecode.c.objc; path = FilmModel.m; sourceTree = "<group>"; };
		894C50B2189C3BBA003F72C6 /* UIColor+SFFilmHeatColors.h */ = {isa = PBXFileReference; fileEncoding = 4; lastKnownFileType = sourcecode.c.h; name = "UIColor+SFFilmHeatColors.h"; path = "../UIColor+SFFilmHeatColors.h"; sourceTree = "<group>"; };
		894C50B3189C3BBA003F72C6 /* UIColor+SFFilmHeatColors.m */ = {isa = PBXFileReference; fileEncoding = 4; lastKnownFileType = sourcecode.c.objc; name = "UIColor+SFFilmHeatColors.m"; path = "../UIColor+SFFilmHeatColors.m"; sourceTree = "<group>"; };
		894DFAC618A0516A00806267 /* SFMovieDetailViewController.h */ = {isa = PBXFileReference; fileEncoding = 4; lastKnownFileType = sourcecode.c.h; name = SFMovieDetailViewController.h; path = ../SFMovieDetailViewController.h; sourceTree = "<group>"; };
		894DFAC718A0516A00806267 /* SFMovieDetailViewController.m */ = {isa = PBXFileReference; fileEncoding = 4; lastKnownFileType = sourcecode.c.objc; name = SFMovieDetailViewController.m; path = ../SFMovieDetailViewController.m; sourceTree = "<group>"; };
		894DFAC918A0681000806267 /* SFCustomizeViewController.h */ = {isa = PBXFileReference; fileEncoding = 4; lastKnownFileType = sourcecode.c.h; name = SFCustomizeViewController.h; path = ../SFCustomizeViewController.h; sourceTree = "<group>"; };
		894DFACA18A0681100806267 /* SFCustomizeViewController.m */ = {isa = PBXFileReference; fileEncoding = 4; lastKnownFileType = sourcecode.c.objc; name = SFCustomizeViewController.m; path = ../SFCustomizeViewController.m; sourceTree = "<group>"; };
		894DFAD518A1769300806267 /* Checkbox.png */ = {isa = PBXFileReference; lastKnownFileType = image.png; path = Checkbox.png; sourceTree = "<group>"; };
		894DFAD718A1769F00806267 /* Checkbox@2x.png */ = {isa = PBXFileReference; lastKnownFileType = image.png; path = "Checkbox@2x.png"; sourceTree = "<group>"; };
		8973C2E818B5BBDB0052346A /* Tutorial Images */ = {isa = PBXFileReference; lastKnownFileType = folder; path = "Tutorial Images"; sourceTree = "<group>"; };
		897E23F018AAF71900D6B901 /* Parse.framework */ = {isa = PBXFileReference; lastKnownFileType = wrapper.framework; path = Parse.framework; sourceTree = "<group>"; };
		897E23F218AAF77000D6B901 /* AudioToolbox.framework */ = {isa = PBXFileReference; lastKnownFileType = wrapper.framework; name = AudioToolbox.framework; path = System/Library/Frameworks/AudioToolbox.framework; sourceTree = SDKROOT; };
		897E23F418AAF77700D6B901 /* CFNetwork.framework */ = {isa = PBXFileReference; lastKnownFileType = wrapper.framework; name = CFNetwork.framework; path = System/Library/Frameworks/CFNetwork.framework; sourceTree = SDKROOT; };
		897E23F618AAF78400D6B901 /* CoreLocation.framework */ = {isa = PBXFileReference; lastKnownFileType = wrapper.framework; name = CoreLocation.framework; path = System/Library/Frameworks/CoreLocation.framework; sourceTree = SDKROOT; };
		897E23F818AAF79500D6B901 /* libz.dylib */ = {isa = PBXFileReference; lastKnownFileType = "compiled.mach-o.dylib"; name = libz.dylib; path = usr/lib/libz.dylib; sourceTree = SDKROOT; };
		897E23FA18AAF79F00D6B901 /* MobileCoreServices.framework */ = {isa = PBXFileReference; lastKnownFileType = wrapper.framework; name = MobileCoreServices.framework; path = System/Library/Frameworks/MobileCoreServices.framework; sourceTree = SDKROOT; };
		897E23FC18AAF7AB00D6B901 /* QuartzCore.framework */ = {isa = PBXFileReference; lastKnownFileType = wrapper.framework; name = QuartzCore.framework; path = System/Library/Frameworks/QuartzCore.framework; sourceTree = SDKROOT; };
		897E23FE18AAF7B100D6B901 /* Security.framework */ = {isa = PBXFileReference; lastKnownFileType = wrapper.framework; name = Security.framework; path = System/Library/Frameworks/Security.framework; sourceTree = SDKROOT; };
		897E240018AAF7BD00D6B901 /* StoreKit.framework */ = {isa = PBXFileReference; lastKnownFileType = wrapper.framework; name = StoreKit.framework; path = System/Library/Frameworks/StoreKit.framework; sourceTree = SDKROOT; };
		898F4CB9189080D20060E847 /* SFFilmModelDataController.h */ = {isa = PBXFileReference; fileEncoding = 4; lastKnownFileType = sourcecode.c.h; name = SFFilmModelDataController.h; path = ../SFFilmModelDataController.h; sourceTree = "<group>"; };
		898F4CBA189080D20060E847 /* SFFilmModelDataController.m */ = {isa = PBXFileReference; fileEncoding = 4; lastKnownFileType = sourcecode.c.objc; name = SFFilmModelDataController.m; path = ../SFFilmModelDataController.m; sourceTree = "<group>"; };
		89A43EE818A935C3009DC814 /* SeenExtraLarge.png */ = {isa = PBXFileReference; lastKnownFileType = image.png; path = SeenExtraLarge.png; sourceTree = "<group>"; };
		89A43EEA18A936B7009DC814 /* WantExtraLarge.png */ = {isa = PBXFileReference; lastKnownFileType = image.png; path = WantExtraLarge.png; sourceTree = "<group>"; };
		89A43EEF18A938EA009DC814 /* TheaterExtraLarge.png */ = {isa = PBXFileReference; lastKnownFileType = image.png; path = TheaterExtraLarge.png; sourceTree = "<group>"; };
		89A43EF218A9391E009DC814 /* DontExtraLarge.png */ = {isa = PBXFileReference; lastKnownFileType = image.png; path = DontExtraLarge.png; sourceTree = "<group>"; };
		89A43FE518AAEB1E009DC814 /* delete.png */ = {isa = PBXFileReference; lastKnownFileType = image.png; path = delete.png; sourceTree = "<group>"; };
		89A43FE618AAEB1E009DC814 /* delete@2x.png */ = {isa = PBXFileReference; lastKnownFileType = image.png; path = "delete@2x.png"; sourceTree = "<group>"; };
		89A43FE918AAF0BD009DC814 /* check.png */ = {isa = PBXFileReference; lastKnownFileType = image.png; path = check.png; sourceTree = "<group>"; };
		89A43FEA18AAF0BD009DC814 /* check@2x.png */ = {isa = PBXFileReference; lastKnownFileType = image.png; path = "check@2x.png"; sourceTree = "<group>"; };
		89A43FF118AAF267009DC814 /* masks.png */ = {isa = PBXFileReference; lastKnownFileType = image.png; path = masks.png; sourceTree = "<group>"; };
		89A43FF218AAF267009DC814 /* masks@2x.png */ = {isa = PBXFileReference; lastKnownFileType = image.png; path = "masks@2x.png"; sourceTree = "<group>"; };
		89A43FF518AAF370009DC814 /* wantlist.png */ = {isa = PBXFileReference; lastKnownFileType = image.png; path = wantlist.png; sourceTree = "<group>"; };
		89A43FF618AAF370009DC814 /* wantlist@2x.png */ = {isa = PBXFileReference; lastKnownFileType = image.png; path = "wantlist@2x.png"; sourceTree = "<group>"; };
		89B98A8C18AC16C5006FF961 /* Crashlytics.framework */ = {isa = PBXFileReference; lastKnownFileType = wrapper.framework; path = Crashlytics.framework; sourceTree = "<group>"; };
		89BC655318A3008D00B27385 /* SFMCTableViewCell.h */ = {isa = PBXFileReference; fileEncoding = 4; lastKnownFileType = sourcecode.c.h; name = SFMCTableViewCell.h; path = ../SFMCTableViewCell.h; sourceTree = "<group>"; };
		89BC655418A3008D00B27385 /* SFMCTableViewCell.m */ = {isa = PBXFileReference; fileEncoding = 4; lastKnownFileType = sourcecode.c.objc; name = SFMCTableViewCell.m; path = ../SFMCTableViewCell.m; sourceTree = "<group>"; };
		89C8923118D910DE009E3E6B /* SFAboutTableViewController.h */ = {isa = PBXFileReference; fileEncoding = 4; lastKnownFileType = sourcecode.c.h; name = SFAboutTableViewController.h; path = ../SFAboutTableViewController.h; sourceTree = "<group>"; };
		89C8923218D910DE009E3E6B /* SFAboutTableViewController.m */ = {isa = PBXFileReference; fileEncoding = 4; lastKnownFileType = sourcecode.c.objc; name = SFAboutTableViewController.m; path = ../SFAboutTableViewController.m; sourceTree = "<group>"; };
		89EBD9B018EE25E800F9D63D /* SFSettingsTableViewController.h */ = {isa = PBXFileReference; fileEncoding = 4; lastKnownFileType = sourcecode.c.h; name = SFSettingsTableViewController.h; path = ../SFSettingsTableViewController.h; sourceTree = "<group>"; };
		89EBD9B118EE25E800F9D63D /* SFSettingsTableViewController.m */ = {isa = PBXFileReference; fileEncoding = 4; lastKnownFileType = sourcecode.c.objc; name = SFSettingsTableViewController.m; path = ../SFSettingsTableViewController.m; sourceTree = "<group>"; };
/* End PBXFileReference section */

/* Begin PBXFrameworksBuildPhase section */
		8949F729188DDD090069E9D4 /* Frameworks */ = {
			isa = PBXFrameworksBuildPhase;
			buildActionMask = 2147483647;
			files = (
				8949F732188DDD090069E9D4 /* CoreGraphics.framework in Frameworks */,
				89B98A8D18AC16C5006FF961 /* Crashlytics.framework in Frameworks */,
				8949F734188DDD090069E9D4 /* UIKit.framework in Frameworks */,
				8949F730188DDD090069E9D4 /* Foundation.framework in Frameworks */,
				3683493BBB7C48629F3A1C9C /* libPods.a in Frameworks */,
			);
			runOnlyForDeploymentPostprocessing = 0;
		};
		8949F752188DDD090069E9D4 /* Frameworks */ = {
			isa = PBXFrameworksBuildPhase;
			buildActionMask = 2147483647;
			files = (
				8949F757188DDD090069E9D4 /* XCTest.framework in Frameworks */,
				8949F75A188DDD090069E9D4 /* CoreData.framework in Frameworks */,
				8949F759188DDD090069E9D4 /* UIKit.framework in Frameworks */,
				8949F758188DDD090069E9D4 /* Foundation.framework in Frameworks */,
			);
			runOnlyForDeploymentPostprocessing = 0;
		};
/* End PBXFrameworksBuildPhase section */

/* Begin PBXGroup section */
		8949F723188DDD090069E9D4 = {
			isa = PBXGroup;
			children = (
				8973C2E818B5BBDB0052346A /* Tutorial Images */,
				8949F737188DDD090069E9D4 /* FilmHeat */,
				8949F75D188DDD090069E9D4 /* FilmHeatTests */,
				8949F72E188DDD090069E9D4 /* Frameworks */,
				8949F72D188DDD090069E9D4 /* Products */,
				12C9E41BD7F84C05A7D9B4A2 /* Pods.xcconfig */,
			);
			sourceTree = "<group>";
		};
		8949F72D188DDD090069E9D4 /* Products */ = {
			isa = PBXGroup;
			children = (
				8949F72C188DDD090069E9D4 /* Film Heat.app */,
				8949F755188DDD090069E9D4 /* Film HeatTests.xctest */,
			);
			name = Products;
			sourceTree = "<group>";
		};
		8949F72E188DDD090069E9D4 /* Frameworks */ = {
			isa = PBXGroup;
			children = (
				89B98A8C18AC16C5006FF961 /* Crashlytics.framework */,
				897E240018AAF7BD00D6B901 /* StoreKit.framework */,
				897E23FE18AAF7B100D6B901 /* Security.framework */,
				897E23FC18AAF7AB00D6B901 /* QuartzCore.framework */,
				897E23FA18AAF79F00D6B901 /* MobileCoreServices.framework */,
				897E23F818AAF79500D6B901 /* libz.dylib */,
				897E23F618AAF78400D6B901 /* CoreLocation.framework */,
				897E23F418AAF77700D6B901 /* CFNetwork.framework */,
				897E23F218AAF77000D6B901 /* AudioToolbox.framework */,
				897E23F018AAF71900D6B901 /* Parse.framework */,
				8949F72F188DDD090069E9D4 /* Foundation.framework */,
				8949F731188DDD090069E9D4 /* CoreGraphics.framework */,
				8949F733188DDD090069E9D4 /* UIKit.framework */,
				8949F735188DDD090069E9D4 /* CoreData.framework */,
				8949F756188DDD090069E9D4 /* XCTest.framework */,
				6FF12FEB14B24765906F06AA /* libPods.a */,
			);
			name = Frameworks;
			sourceTree = "<group>";
		};
		8949F737188DDD090069E9D4 /* FilmHeat */ = {
			isa = PBXGroup;
			children = (
				8931CF6418A5998E00A4CFBC /* Constants.h */,
				8931CF6518A5998E00A4CFBC /* Constants.m */,
				894DFACC18A0722000806267 /* Media */,
				894C50B2189C3BBA003F72C6 /* UIColor+SFFilmHeatColors.h */,
				894C50B3189C3BBA003F72C6 /* UIColor+SFFilmHeatColors.m */,
				8949F778188DF29C0069E9D4 /* Controller */,
				8949F777188DF2980069E9D4 /* View */,
				8949F776188DF2910069E9D4 /* Model */,
				8949F740188DDD090069E9D4 /* SFAppDelegate.h */,
				8949F741188DDD090069E9D4 /* SFAppDelegate.m */,
				8949F743188DDD090069E9D4 /* Main.storyboard */,
				8949F74F188DDD090069E9D4 /* Images.xcassets */,
				8949F738188DDD090069E9D4 /* Supporting Files */,
			);
			path = FilmHeat;
			sourceTree = "<group>";
		};
		8949F738188DDD090069E9D4 /* Supporting Files */ = {
			isa = PBXGroup;
			children = (
				8949F739188DDD090069E9D4 /* Film Heat-Info.plist */,
				8949F73A188DDD090069E9D4 /* InfoPlist.strings */,
				8949F73D188DDD090069E9D4 /* main.m */,
				8949F73F188DDD090069E9D4 /* Film Heat-Prefix.pch */,
			);
			name = "Supporting Files";
			sourceTree = "<group>";
		};
		8949F75D188DDD090069E9D4 /* FilmHeatTests */ = {
			isa = PBXGroup;
			children = (
				8949F763188DDD090069E9D4 /* FilmHeatTests.m */,
				8949F75E188DDD090069E9D4 /* Supporting Files */,
			);
			path = FilmHeatTests;
			sourceTree = "<group>";
		};
		8949F75E188DDD090069E9D4 /* Supporting Files */ = {
			isa = PBXGroup;
			children = (
				8949F75F188DDD090069E9D4 /* Film HeatTests-Info.plist */,
				8949F760188DDD090069E9D4 /* InfoPlist.strings */,
			);
			name = "Supporting Files";
			sourceTree = "<group>";
		};
		8949F776188DF2910069E9D4 /* Model */ = {
			isa = PBXGroup;
			children = (
				8949F773188DF2530069E9D4 /* FilmModel.h */,
				8949F774188DF2530069E9D4 /* FilmModel.m */,
			);
			name = Model;
			sourceTree = "<group>";
		};
		8949F777188DF2980069E9D4 /* View */ = {
			isa = PBXGroup;
			children = (
				89BC655318A3008D00B27385 /* SFMCTableViewCell.h */,
				89BC655418A3008D00B27385 /* SFMCTableViewCell.m */,
			);
			name = View;
			sourceTree = "<group>";
		};
		8949F778188DF29C0069E9D4 /* Controller */ = {
			isa = PBXGroup;
			children = (
				89EBD9B018EE25E800F9D63D /* SFSettingsTableViewController.h */,
				89EBD9B118EE25E800F9D63D /* SFSettingsTableViewController.m */,
				89C8923118D910DE009E3E6B /* SFAboutTableViewController.h */,
				89C8923218D910DE009E3E6B /* SFAboutTableViewController.m */,
				89366F3C18AAFF4600C278DA /* SFTutorialChildViewController.h */,
				89366F3D18AAFF4600C278DA /* SFTutorialChildViewController.m */,
				89366F3918AAFF3500C278DA /* SFTutorialViewController.h */,
				89366F3A18AAFF3500C278DA /* SFTutorialViewController.m */,
				8931CF6118A4820100A4CFBC /* SFNoneTableViewController.h */,
				8931CF6218A4820100A4CFBC /* SFNoneTableViewController.m */,
				8931CF5E18A44B1C00A4CFBC /* SFWantedTableViewController.h */,
				8931CF5F18A44B1C00A4CFBC /* SFWantedTableViewController.m */,
				8931CF5B18A44B0D00A4CFBC /* SFSeenTableViewController.h */,
				8931CF5C18A44B0D00A4CFBC /* SFSeenTableViewController.m */,
				8931CF5818A44AA800A4CFBC /* SFBaseViewController.h */,
				8931CF5918A44AA800A4CFBC /* SFBaseViewController.m */,
				8931CF5518A44A4200A4CFBC /* SFTheaterTableViewController.h */,
				8931CF5618A44A4200A4CFBC /* SFTheaterTableViewController.m */,
				894DFAC918A0681000806267 /* SFCustomizeViewController.h */,
				894DFACA18A0681100806267 /* SFCustomizeViewController.m */,
				894DFAC618A0516A00806267 /* SFMovieDetailViewController.h */,
				894DFAC718A0516A00806267 /* SFMovieDetailViewController.m */,
				898F4CB9189080D20060E847 /* SFFilmModelDataController.h */,
				898F4CBA189080D20060E847 /* SFFilmModelDataController.m */,
				8949F770188DE1450069E9D4 /* SFTabBarController.h */,
				8949F771188DE1460069E9D4 /* SFTabBarController.m */,
			);
			name = Controller;
			sourceTree = "<group>";
		};
		894DFACC18A0722000806267 /* Media */ = {
			isa = PBXGroup;
			children = (
				89A43FF518AAF370009DC814 /* wantlist.png */,
				89A43FF618AAF370009DC814 /* wantlist@2x.png */,
				89A43FF118AAF267009DC814 /* masks.png */,
				89A43FF218AAF267009DC814 /* masks@2x.png */,
				89A43FE918AAF0BD009DC814 /* check.png */,
				89A43FEA18AAF0BD009DC814 /* check@2x.png */,
				89A43FE518AAEB1E009DC814 /* delete.png */,
				89A43FE618AAEB1E009DC814 /* delete@2x.png */,
				89A43EF218A9391E009DC814 /* DontExtraLarge.png */,
				89A43EEF18A938EA009DC814 /* TheaterExtraLarge.png */,
				89A43EEA18A936B7009DC814 /* WantExtraLarge.png */,
				89A43EE818A935C3009DC814 /* SeenExtraLarge.png */,
				894DFAD718A1769F00806267 /* Checkbox@2x.png */,
				894DFAD518A1769300806267 /* Checkbox.png */,
			);
			name = Media;
			path = ..;
			sourceTree = "<group>";
		};
/* End PBXGroup section */

/* Begin PBXNativeTarget section */
		8949F72B188DDD090069E9D4 /* Film Heat */ = {
			isa = PBXNativeTarget;
			buildConfigurationList = 8949F767188DDD090069E9D4 /* Build configuration list for PBXNativeTarget "Film Heat" */;
			buildPhases = (
				B8B519FA7F744F23B90BDCB5 /* Check Pods Manifest.lock */,
				8949F728188DDD090069E9D4 /* Sources */,
				8949F729188DDD090069E9D4 /* Frameworks */,
				8949F72A188DDD090069E9D4 /* Resources */,
				76EF98E3B7AE4B319E679E31 /* Copy Pods Resources */,
				89B98A8B18AC1679006FF961 /* ShellScript */,
			);
			buildRules = (
			);
			dependencies = (
			);
			name = "Film Heat";
			productName = FilmHeat;
			productReference = 8949F72C188DDD090069E9D4 /* Film Heat.app */;
			productType = "com.apple.product-type.application";
		};
		8949F754188DDD090069E9D4 /* Film HeatTests */ = {
			isa = PBXNativeTarget;
			buildConfigurationList = 8949F76A188DDD090069E9D4 /* Build configuration list for PBXNativeTarget "Film HeatTests" */;
			buildPhases = (
				8949F751188DDD090069E9D4 /* Sources */,
				8949F752188DDD090069E9D4 /* Frameworks */,
				8949F753188DDD090069E9D4 /* Resources */,
			);
			buildRules = (
			);
			dependencies = (
				8949F75C188DDD090069E9D4 /* PBXTargetDependency */,
			);
			name = "Film HeatTests";
			productName = FilmHeatTests;
			productReference = 8949F755188DDD090069E9D4 /* Film HeatTests.xctest */;
			productType = "com.apple.product-type.bundle.unit-test";
		};
/* End PBXNativeTarget section */

/* Begin PBXProject section */
		8949F724188DDD090069E9D4 /* Project object */ = {
			isa = PBXProject;
			attributes = {
				CLASSPREFIX = SF;
				LastUpgradeCheck = 0510;
				ORGANIZATIONNAME = "Spencer Fornaciari";
				TargetAttributes = {
					8949F72B188DDD090069E9D4 = {
						SystemCapabilities = {
							com.apple.iOS = {
								enabled = 0;
							};
						};
					};
					8949F754188DDD090069E9D4 = {
						TestTargetID = 8949F72B188DDD090069E9D4;
					};
				};
			};
			buildConfigurationList = 8949F727188DDD090069E9D4 /* Build configuration list for PBXProject "Film Heat" */;
			compatibilityVersion = "Xcode 3.2";
			developmentRegion = English;
			hasScannedForEncodings = 0;
			knownRegions = (
				en,
				Base,
			);
			mainGroup = 8949F723188DDD090069E9D4;
			productRefGroup = 8949F72D188DDD090069E9D4 /* Products */;
			projectDirPath = "";
			projectRoot = "";
			targets = (
				8949F72B188DDD090069E9D4 /* Film Heat */,
				8949F754188DDD090069E9D4 /* Film HeatTests */,
			);
		};
/* End PBXProject section */

/* Begin PBXResourcesBuildPhase section */
		8949F72A188DDD090069E9D4 /* Resources */ = {
			isa = PBXResourcesBuildPhase;
			buildActionMask = 2147483647;
			files = (
				89A43FF818AAF370009DC814 /* wantlist@2x.png in Resources */,
				89A43FEB18AAF0BD009DC814 /* check.png in Resources */,
				894DFAD618A1769300806267 /* Checkbox.png in Resources */,
				89A43EEB18A936B7009DC814 /* WantExtraLarge.png in Resources */,
				89A43FF718AAF370009DC814 /* wantlist.png in Resources */,
				8949F750188DDD090069E9D4 /* Images.xcassets in Resources */,
				89A43FF418AAF267009DC814 /* masks@2x.png in Resources */,
				89A43FEC18AAF0BD009DC814 /* check@2x.png in Resources */,
				8973C2E918B5BBDB0052346A /* Tutorial Images in Resources */,
				8949F73C188DDD090069E9D4 /* InfoPlist.strings in Resources */,
				89A43FE818AAEB1E009DC814 /* delete@2x.png in Resources */,
				89A43EE918A935C3009DC814 /* SeenExtraLarge.png in Resources */,
				89A43EF318A9391E009DC814 /* DontExtraLarge.png in Resources */,
				8949F745188DDD090069E9D4 /* Main.storyboard in Resources */,
				89A43FE718AAEB1E009DC814 /* delete.png in Resources */,
				894DFAD818A1769F00806267 /* Checkbox@2x.png in Resources */,
				89A43EF118A938EA009DC814 /* TheaterExtraLarge.png in Resources */,
				89A43FF318AAF267009DC814 /* masks.png in Resources */,
			);
			runOnlyForDeploymentPostprocessing = 0;
		};
		8949F753188DDD090069E9D4 /* Resources */ = {
			isa = PBXResourcesBuildPhase;
			buildActionMask = 2147483647;
			files = (
				8949F762188DDD090069E9D4 /* InfoPlist.strings in Resources */,
			);
			runOnlyForDeploymentPostprocessing = 0;
		};
/* End PBXResourcesBuildPhase section */

/* Begin PBXShellScriptBuildPhase section */
		76EF98E3B7AE4B319E679E31 /* Copy Pods Resources */ = {
			isa = PBXShellScriptBuildPhase;
			buildActionMask = 2147483647;
			files = (
			);
			inputPaths = (
			);
			name = "Copy Pods Resources";
			outputPaths = (
			);
			runOnlyForDeploymentPostprocessing = 0;
			shellPath = /bin/sh;
			shellScript = "\"${SRCROOT}/Pods/Pods-resources.sh\"\n";
			showEnvVarsInLog = 0;
		};
		89B98A8B18AC1679006FF961 /* ShellScript */ = {
			isa = PBXShellScriptBuildPhase;
			buildActionMask = 2147483647;
			files = (
			);
			inputPaths = (
			);
			outputPaths = (
			);
			runOnlyForDeploymentPostprocessing = 0;
			shellPath = /bin/sh;
			shellScript = "./Crashlytics.framework/run 532795e0d25b45a680534c336246204778a0a137 ccc04581cd8d949bb27faedaad1f3c0d8052e3b704bdbc291597a22c5ed69fc8";
		};
		B8B519FA7F744F23B90BDCB5 /* Check Pods Manifest.lock */ = {
			isa = PBXShellScriptBuildPhase;
			buildActionMask = 2147483647;
			files = (
			);
			inputPaths = (
			);
			name = "Check Pods Manifest.lock";
			outputPaths = (
			);
			runOnlyForDeploymentPostprocessing = 0;
			shellPath = /bin/sh;
			shellScript = "diff \"${PODS_ROOT}/../Podfile.lock\" \"${PODS_ROOT}/Manifest.lock\" > /dev/null\nif [[ $? != 0 ]] ; then\n    cat << EOM\nerror: The sandbox is not in sync with the Podfile.lock. Run 'pod install' or update your CocoaPods installation.\nEOM\n    exit 1\nfi\n";
			showEnvVarsInLog = 0;
		};
/* End PBXShellScriptBuildPhase section */

/* Begin PBXSourcesBuildPhase section */
		8949F728188DDD090069E9D4 /* Sources */ = {
			isa = PBXSourcesBuildPhase;
			buildActionMask = 2147483647;
			files = (
				898F4CBB189080D20060E847 /* SFFilmModelDataController.m in Sources */,
				894DFACB18A0681100806267 /* SFCustomizeViewController.m in Sources */,
				8931CF5718A44A4200A4CFBC /* SFTheaterTableViewController.m in Sources */,
				894DFAC818A0516A00806267 /* SFMovieDetailViewController.m in Sources */,
				8931CF5D18A44B0D00A4CFBC /* SFSeenTableViewController.m in Sources */,
				8949F73E188DDD090069E9D4 /* main.m in Sources */,
				89EBD9B218EE25E800F9D63D /* SFSettingsTableViewController.m in Sources */,
				8949F772188DE1460069E9D4 /* SFTabBarController.m in Sources */,
				8931CF6618A5998E00A4CFBC /* Constants.m in Sources */,
				8931CF6318A4820100A4CFBC /* SFNoneTableViewController.m in Sources */,
				8931CF6018A44B1C00A4CFBC /* SFWantedTableViewController.m in Sources */,
				89366F3E18AAFF4600C278DA /* SFTutorialChildViewController.m in Sources */,
				89366F3B18AAFF3500C278DA /* SFTutorialViewController.m in Sources */,
				89BC655518A3008D00B27385 /* SFMCTableViewCell.m in Sources */,
				8931CF5A18A44AA800A4CFBC /* SFBaseViewController.m in Sources */,
				8949F742188DDD090069E9D4 /* SFAppDelegate.m in Sources */,
				894C50B4189C3BBA003F72C6 /* UIColor+SFFilmHeatColors.m in Sources */,
				89C8923318D910DE009E3E6B /* SFAboutTableViewController.m in Sources */,
				8949F775188DF2530069E9D4 /* FilmModel.m in Sources */,
			);
			runOnlyForDeploymentPostprocessing = 0;
		};
		8949F751188DDD090069E9D4 /* Sources */ = {
			isa = PBXSourcesBuildPhase;
			buildActionMask = 2147483647;
			files = (
				8949F764188DDD090069E9D4 /* FilmHeatTests.m in Sources */,
			);
			runOnlyForDeploymentPostprocessing = 0;
		};
/* End PBXSourcesBuildPhase section */

/* Begin PBXTargetDependency section */
		8949F75C188DDD090069E9D4 /* PBXTargetDependency */ = {
			isa = PBXTargetDependency;
			target = 8949F72B188DDD090069E9D4 /* Film Heat */;
			targetProxy = 8949F75B188DDD090069E9D4 /* PBXContainerItemProxy */;
		};
/* End PBXTargetDependency section */

/* Begin PBXVariantGroup section */
		8949F73A188DDD090069E9D4 /* InfoPlist.strings */ = {
			isa = PBXVariantGroup;
			children = (
				8949F73B188DDD090069E9D4 /* en */,
			);
			name = InfoPlist.strings;
			sourceTree = "<group>";
		};
		8949F743188DDD090069E9D4 /* Main.storyboard */ = {
			isa = PBXVariantGroup;
			children = (
				8949F744188DDD090069E9D4 /* Base */,
			);
			name = Main.storyboard;
			sourceTree = "<group>";
		};
		8949F760188DDD090069E9D4 /* InfoPlist.strings */ = {
			isa = PBXVariantGroup;
			children = (
				8949F761188DDD090069E9D4 /* en */,
			);
			name = InfoPlist.strings;
			sourceTree = "<group>";
		};
/* End PBXVariantGroup section */

/* Begin XCBuildConfiguration section */
		8949F765188DDD090069E9D4 /* Debug */ = {
			isa = XCBuildConfiguration;
			buildSettings = {
				ALWAYS_SEARCH_USER_PATHS = NO;
				CLANG_CXX_LANGUAGE_STANDARD = "gnu++0x";
				CLANG_CXX_LIBRARY = "libc++";
				CLANG_ENABLE_MODULES = YES;
				CLANG_ENABLE_OBJC_ARC = YES;
				CLANG_WARN_BOOL_CONVERSION = YES;
				CLANG_WARN_CONSTANT_CONVERSION = YES;
				CLANG_WARN_DIRECT_OBJC_ISA_USAGE = YES_ERROR;
				CLANG_WARN_EMPTY_BODY = YES;
				CLANG_WARN_ENUM_CONVERSION = YES;
				CLANG_WARN_INT_CONVERSION = YES;
				CLANG_WARN_OBJC_ROOT_CLASS = YES_ERROR;
				CLANG_WARN__DUPLICATE_METHOD_MATCH = YES;
				"CODE_SIGN_IDENTITY[sdk=iphoneos*]" = "iPhone Developer";
				COPY_PHASE_STRIP = NO;
				GCC_C_LANGUAGE_STANDARD = gnu99;
				GCC_DYNAMIC_NO_PIC = NO;
				GCC_OPTIMIZATION_LEVEL = 0;
				GCC_PREPROCESSOR_DEFINITIONS = (
					"DEBUG=1",
					"$(inherited)",
				);
				GCC_SYMBOLS_PRIVATE_EXTERN = NO;
				GCC_WARN_64_TO_32_BIT_CONVERSION = YES;
				GCC_WARN_ABOUT_RETURN_TYPE = YES_ERROR;
				GCC_WARN_UNDECLARED_SELECTOR = YES;
				GCC_WARN_UNINITIALIZED_AUTOS = YES;
				GCC_WARN_UNUSED_FUNCTION = YES;
				GCC_WARN_UNUSED_VARIABLE = YES;
				IPHONEOS_DEPLOYMENT_TARGET = 7.0;
				ONLY_ACTIVE_ARCH = YES;
				SDKROOT = iphoneos;
			};
			name = Debug;
		};
		8949F766188DDD090069E9D4 /* Release */ = {
			isa = XCBuildConfiguration;
			buildSettings = {
				ALWAYS_SEARCH_USER_PATHS = NO;
				CLANG_CXX_LANGUAGE_STANDARD = "gnu++0x";
				CLANG_CXX_LIBRARY = "libc++";
				CLANG_ENABLE_MODULES = YES;
				CLANG_ENABLE_OBJC_ARC = YES;
				CLANG_WARN_BOOL_CONVERSION = YES;
				CLANG_WARN_CONSTANT_CONVERSION = YES;
				CLANG_WARN_DIRECT_OBJC_ISA_USAGE = YES_ERROR;
				CLANG_WARN_EMPTY_BODY = YES;
				CLANG_WARN_ENUM_CONVERSION = YES;
				CLANG_WARN_INT_CONVERSION = YES;
				CLANG_WARN_OBJC_ROOT_CLASS = YES_ERROR;
				CLANG_WARN__DUPLICATE_METHOD_MATCH = YES;
				"CODE_SIGN_IDENTITY[sdk=iphoneos*]" = "iPhone Developer";
				COPY_PHASE_STRIP = YES;
				ENABLE_NS_ASSERTIONS = NO;
				GCC_C_LANGUAGE_STANDARD = gnu99;
				GCC_WARN_64_TO_32_BIT_CONVERSION = YES;
				GCC_WARN_ABOUT_RETURN_TYPE = YES_ERROR;
				GCC_WARN_UNDECLARED_SELECTOR = YES;
				GCC_WARN_UNINITIALIZED_AUTOS = YES;
				GCC_WARN_UNUSED_FUNCTION = YES;
				GCC_WARN_UNUSED_VARIABLE = YES;
				IPHONEOS_DEPLOYMENT_TARGET = 7.0;
				SDKROOT = iphoneos;
				VALIDATE_PRODUCT = YES;
			};
			name = Release;
		};
		8949F768188DDD090069E9D4 /* Debug */ = {
			isa = XCBuildConfiguration;
			baseConfigurationReference = 12C9E41BD7F84C05A7D9B4A2 /* Pods.xcconfig */;
			buildSettings = {
				ASSETCATALOG_COMPILER_APPICON_NAME = AppIcon;
				ASSETCATALOG_COMPILER_LAUNCHIMAGE_NAME = LaunchImage;
				FRAMEWORK_SEARCH_PATHS = (
					"$(inherited)",
					/Users/spencerfornaciari/Dropbox/Developer/FilmHeat2,
				);
				GCC_PRECOMPILE_PREFIX_HEADER = YES;
				GCC_PREFIX_HEADER = "FilmHeat/Film Heat-Prefix.pch";
				INFOPLIST_FILE = "FilmHeat/Film Heat-Info.plist";
				PRODUCT_NAME = "Film Heat";
				WRAPPER_EXTENSION = app;
			};
			name = Debug;
		};
		8949F769188DDD090069E9D4 /* Release */ = {
			isa = XCBuildConfiguration;
			baseConfigurationReference = 12C9E41BD7F84C05A7D9B4A2 /* Pods.xcconfig */;
			buildSettings = {
				ASSETCATALOG_COMPILER_APPICON_NAME = AppIcon;
				ASSETCATALOG_COMPILER_LAUNCHIMAGE_NAME = LaunchImage;
				FRAMEWORK_SEARCH_PATHS = (
					"$(inherited)",
					/Users/spencerfornaciari/Dropbox/Developer/FilmHeat2,
				);
				GCC_PRECOMPILE_PREFIX_HEADER = YES;
				GCC_PREFIX_HEADER = "FilmHeat/Film Heat-Prefix.pch";
				INFOPLIST_FILE = "FilmHeat/Film Heat-Info.plist";
				PRODUCT_NAME = "Film Heat";
				WRAPPER_EXTENSION = app;
			};
			name = Release;
		};
		8949F76B188DDD090069E9D4 /* Debug */ = {
			isa = XCBuildConfiguration;
			buildSettings = {
				BUNDLE_LOADER = "$(BUILT_PRODUCTS_DIR)/FilmHeat.app/FilmHeat";
				FRAMEWORK_SEARCH_PATHS = (
					"$(SDKROOT)/Developer/Library/Frameworks",
					"$(inherited)",
					"$(DEVELOPER_FRAMEWORKS_DIR)",
				);
				GCC_PRECOMPILE_PREFIX_HEADER = YES;
				GCC_PREFIX_HEADER = "FilmHeat/FilmHeat-Prefix.pch";
				GCC_PREPROCESSOR_DEFINITIONS = (
					"DEBUG=1",
					"$(inherited)",
				);
				INFOPLIST_FILE = "FilmHeatTests/Film HeatTests-Info.plist";
				PRODUCT_NAME = "Film HeatTests";
				TEST_HOST = "$(BUNDLE_LOADER)";
				WRAPPER_EXTENSION = xctest;
			};
			name = Debug;
		};
		8949F76C188DDD090069E9D4 /* Release */ = {
			isa = XCBuildConfiguration;
			buildSettings = {
				BUNDLE_LOADER = "$(BUILT_PRODUCTS_DIR)/FilmHeat.app/FilmHeat";
				FRAMEWORK_SEARCH_PATHS = (
					"$(SDKROOT)/Developer/Library/Frameworks",
					"$(inherited)",
					"$(DEVELOPER_FRAMEWORKS_DIR)",
				);
				GCC_PRECOMPILE_PREFIX_HEADER = YES;
				GCC_PREFIX_HEADER = "FilmHeat/FilmHeat-Prefix.pch";
				INFOPLIST_FILE = "FilmHeatTests/Film HeatTests-Info.plist";
				PRODUCT_NAME = "Film HeatTests";
				TEST_HOST = "$(BUNDLE_LOADER)";
				WRAPPER_EXTENSION = xctest;
			};
			name = Release;
		};
/* End XCBuildConfiguration section */

/* Begin XCConfigurationList section */
		8949F727188DDD090069E9D4 /* Build configuration list for PBXProject "Film Heat" */ = {
			isa = XCConfigurationList;
			buildConfigurations = (
				8949F765188DDD090069E9D4 /* Debug */,
				8949F766188DDD090069E9D4 /* Release */,
			);
			defaultConfigurationIsVisible = 0;
			defaultConfigurationName = Release;
		};
		8949F767188DDD090069E9D4 /* Build configuration list for PBXNativeTarget "Film Heat" */ = {
			isa = XCConfigurationList;
			buildConfigurations = (
				8949F768188DDD090069E9D4 /* Debug */,
				8949F769188DDD090069E9D4 /* Release */,
			);
			defaultConfigurationIsVisible = 0;
			defaultConfigurationName = Release;
		};
		8949F76A188DDD090069E9D4 /* Build configuration list for PBXNativeTarget "Film HeatTests" */ = {
			isa = XCConfigurationList;
			buildConfigurations = (
				8949F76B188DDD090069E9D4 /* Debug */,
				8949F76C188DDD090069E9D4 /* Release */,
			);
			defaultConfigurationIsVisible = 0;
			defaultConfigurationName = Release;
		};
/* End XCConfigurationList section */
	};
	rootObject = 8949F724188DDD090069E9D4 /* Project object */;
}
